
Microsoft Visual Studio Solution File, Format Version 12.00
# Visual Studio 15
VisualStudioVersion = 15.0.28307.489
MinimumVisualStudioVersion = 10.0.40219.1
Project("{FAE04EC0-301F-11D3-BF4B-00C04F79EFBC}") = "RestarauntRater1", "RestarauntRater1\RestarauntRater1.csproj", "{3A9FA7FE-2602-41A5-9D11-3193199DA7EE}"
EndProject
Global
	GlobalSection(SolutionConfigurationPlatforms) = preSolution
		Debug|Any CPU = Debug|Any CPU
		Release|Any CPU = Release|Any CPU
	EndGlobalSection
	GlobalSection(ProjectConfigurationPlatforms) = postSolution
		{3A9FA7FE-2602-41A5-9D11-3193199DA7EE}.Debug|Any CPU.ActiveCfg = Debug|Any CPU
		{3A9FA7FE-2602-41A5-9D11-3193199DA7EE}.Debug|Any CPU.Build.0 = Debug|Any CPU
		{3A9FA7FE-2602-41A5-9D11-3193199DA7EE}.Release|Any CPU.ActiveCfg = Release|Any CPU
		{3A9FA7FE-2602-41A5-9D11-3193199DA7EE}.Release|Any CPU.Build.0 = Release|Any CPU
	EndGlobalSection
	GlobalSection(SolutionProperties) = preSolution
		HideSolutionNode = FALSE
	EndGlobalSection
	GlobalSection(ExtensibilityGlobals) = postSolution
		SolutionGuid = {AFE126DF-FC68-4FEE-A4B7-021057154357}
	EndGlobalSection
EndGlobal
